
Microsoft Visual Studio Solution File, Format Version 12.00
# Visual Studio Version 17
VisualStudioVersion = 17.5.002.0
MinimumVisualStudioVersion = 10.0.40219.1
Project("{9A19103F-16F7-4668-BE54-9A1E7A4F7556}") = "song-id-site", "website\song-id-site.csproj", "{B40B9265-D0EA-45C5-8645-761A7B7944BD}"
EndProject
Project("{9A19103F-16F7-4668-BE54-9A1E7A4F7556}") = "console", "console\console.csproj", "{1C4D206D-A00D-4271-AFA3-908C9B9B69A7}"
EndProject
Project("{9A19103F-16F7-4668-BE54-9A1E7A4F7556}") = "console-bass", "console-bass\console-bass.csproj", "{DEFAFF31-D4AE-4586-8583-054DADCC2E34}"
EndProject
Project("{FAE04EC0-301F-11D3-BF4B-00C04F79EFBC}") = "song-id", "song-id\song-id.csproj", "{D99D0B44-BF73-4187-97AD-E38E70D76976}"
EndProject
Project("{FAE04EC0-301F-11D3-BF4B-00C04F79EFBC}") = "song-id-test", "song-id-test\song-id-test.csproj", "{13D2BF1A-443D-435D-BDB8-C47C85623B0E}"
EndProject
Project("{FAE04EC0-301F-11D3-BF4B-00C04F79EFBC}") = "ConsoleDI.Simple", "ConsoleDI.Simple\ConsoleDI.Simple.csproj", "{2E1E7DF1-7670-459B-B89D-0414EBB606ED}"
EndProject
Project("{2150E333-8FDC-42A3-9474-1A3956D46DE8}") = "Solution Items", "Solution Items", "{14C5584E-F551-446C-AED7-5EAEFD5C87A0}"
	ProjectSection(SolutionItems) = preProject
		README.md = README.md
	EndProjectSection
EndProject
Global
	GlobalSection(SolutionConfigurationPlatforms) = preSolution
		Debug|Any CPU = Debug|Any CPU
		Debug|x64 = Debug|x64
		Debug|x86 = Debug|x86
		Release|Any CPU = Release|Any CPU
		Release|x64 = Release|x64
		Release|x86 = Release|x86
	EndGlobalSection
	GlobalSection(ProjectConfigurationPlatforms) = postSolution
		{B40B9265-D0EA-45C5-8645-761A7B7944BD}.Debug|Any CPU.ActiveCfg = Debug|Any CPU
		{B40B9265-D0EA-45C5-8645-761A7B7944BD}.Debug|Any CPU.Build.0 = Debug|Any CPU
		{B40B9265-D0EA-45C5-8645-761A7B7944BD}.Debug|x64.ActiveCfg = Debug|x64
		{B40B9265-D0EA-45C5-8645-761A7B7944BD}.Debug|x64.Build.0 = Debug|x64
		{B40B9265-D0EA-45C5-8645-761A7B7944BD}.Debug|x86.ActiveCfg = Debug|x86
		{B40B9265-D0EA-45C5-8645-761A7B7944BD}.Debug|x86.Build.0 = Debug|x86
		{B40B9265-D0EA-45C5-8645-761A7B7944BD}.Release|Any CPU.ActiveCfg = Release|Any CPU
		{B40B9265-D0EA-45C5-8645-761A7B7944BD}.Release|Any CPU.Build.0 = Release|Any CPU
		{B40B9265-D0EA-45C5-8645-761A7B7944BD}.Release|x64.ActiveCfg = Release|x64
		{B40B9265-D0EA-45C5-8645-761A7B7944BD}.Release|x64.Build.0 = Release|x64
		{B40B9265-D0EA-45C5-8645-761A7B7944BD}.Release|x86.ActiveCfg = Release|x86
		{B40B9265-D0EA-45C5-8645-761A7B7944BD}.Release|x86.Build.0 = Release|x86
		{1C4D206D-A00D-4271-AFA3-908C9B9B69A7}.Debug|Any CPU.ActiveCfg = Debug|Any CPU
		{1C4D206D-A00D-4271-AFA3-908C9B9B69A7}.Debug|Any CPU.Build.0 = Debug|Any CPU
		{1C4D206D-A00D-4271-AFA3-908C9B9B69A7}.Debug|x64.ActiveCfg = Debug|x64
		{1C4D206D-A00D-4271-AFA3-908C9B9B69A7}.Debug|x64.Build.0 = Debug|x64
		{1C4D206D-A00D-4271-AFA3-908C9B9B69A7}.Debug|x86.ActiveCfg = Debug|x86
		{1C4D206D-A00D-4271-AFA3-908C9B9B69A7}.Debug|x86.Build.0 = Debug|x86
		{1C4D206D-A00D-4271-AFA3-908C9B9B69A7}.Release|Any CPU.ActiveCfg = Release|Any CPU
		{1C4D206D-A00D-4271-AFA3-908C9B9B69A7}.Release|Any CPU.Build.0 = Release|Any CPU
		{1C4D206D-A00D-4271-AFA3-908C9B9B69A7}.Release|x64.ActiveCfg = Release|x64
		{1C4D206D-A00D-4271-AFA3-908C9B9B69A7}.Release|x64.Build.0 = Release|x64
		{1C4D206D-A00D-4271-AFA3-908C9B9B69A7}.Release|x86.ActiveCfg = Release|x86
		{1C4D206D-A00D-4271-AFA3-908C9B9B69A7}.Release|x86.Build.0 = Release|x86
		{DEFAFF31-D4AE-4586-8583-054DADCC2E34}.Debug|Any CPU.ActiveCfg = Debug|Any CPU
		{DEFAFF31-D4AE-4586-8583-054DADCC2E34}.Debug|Any CPU.Build.0 = Debug|Any CPU
		{DEFAFF31-D4AE-4586-8583-054DADCC2E34}.Debug|x64.ActiveCfg = Debug|x64
		{DEFAFF31-D4AE-4586-8583-054DADCC2E34}.Debug|x64.Build.0 = Debug|x64
		{DEFAFF31-D4AE-4586-8583-054DADCC2E34}.Debug|x86.ActiveCfg = Debug|x86
		{DEFAFF31-D4AE-4586-8583-054DADCC2E34}.Debug|x86.Build.0 = Debug|x86
		{DEFAFF31-D4AE-4586-8583-054DADCC2E34}.Release|Any CPU.ActiveCfg = Release|Any CPU
		{DEFAFF31-D4AE-4586-8583-054DADCC2E34}.Release|Any CPU.Build.0 = Release|Any CPU
		{DEFAFF31-D4AE-4586-8583-054DADCC2E34}.Release|x64.ActiveCfg = Release|x64
		{DEFAFF31-D4AE-4586-8583-054DADCC2E34}.Release|x64.Build.0 = Release|x64
		{DEFAFF31-D4AE-4586-8583-054DADCC2E34}.Release|x86.ActiveCfg = Release|x86
		{DEFAFF31-D4AE-4586-8583-054DADCC2E34}.Release|x86.Build.0 = Release|x86
		{D99D0B44-BF73-4187-97AD-E38E70D76976}.Debug|Any CPU.ActiveCfg = Debug|Any CPU
		{D99D0B44-BF73-4187-97AD-E38E70D76976}.Debug|Any CPU.Build.0 = Debug|Any CPU
		{D99D0B44-BF73-4187-97AD-E38E70D76976}.Debug|x64.ActiveCfg = Debug|Any CPU
		{D99D0B44-BF73-4187-97AD-E38E70D76976}.Debug|x64.Build.0 = Debug|Any CPU
		{D99D0B44-BF73-4187-97AD-E38E70D76976}.Debug|x86.ActiveCfg = Debug|Any CPU
		{D99D0B44-BF73-4187-97AD-E38E70D76976}.Debug|x86.Build.0 = Debug|Any CPU
		{D99D0B44-BF73-4187-97AD-E38E70D76976}.Release|Any CPU.ActiveCfg = Release|Any CPU
		{D99D0B44-BF73-4187-97AD-E38E70D76976}.Release|Any CPU.Build.0 = Release|Any CPU
		{D99D0B44-BF73-4187-97AD-E38E70D76976}.Release|x64.ActiveCfg = Release|Any CPU
		{D99D0B44-BF73-4187-97AD-E38E70D76976}.Release|x64.Build.0 = Release|Any CPU
		{D99D0B44-BF73-4187-97AD-E38E70D76976}.Release|x86.ActiveCfg = Release|Any CPU
		{D99D0B44-BF73-4187-97AD-E38E70D76976}.Release|x86.Build.0 = Release|Any CPU
		{13D2BF1A-443D-435D-BDB8-C47C85623B0E}.Debug|Any CPU.ActiveCfg = Debug|Any CPU
		{13D2BF1A-443D-435D-BDB8-C47C85623B0E}.Debug|Any CPU.Build.0 = Debug|Any CPU
		{13D2BF1A-443D-435D-BDB8-C47C85623B0E}.Debug|x64.ActiveCfg = Debug|Any CPU
		{13D2BF1A-443D-435D-BDB8-C47C85623B0E}.Debug|x64.Build.0 = Debug|Any CPU
		{13D2BF1A-443D-435D-BDB8-C47C85623B0E}.Debug|x86.ActiveCfg = Debug|Any CPU
		{13D2BF1A-443D-435D-BDB8-C47C85623B0E}.Debug|x86.Build.0 = Debug|Any CPU
		{13D2BF1A-443D-435D-BDB8-C47C85623B0E}.Release|Any CPU.ActiveCfg = Release|Any CPU
		{13D2BF1A-443D-435D-BDB8-C47C85623B0E}.Release|Any CPU.Build.0 = Release|Any CPU
		{13D2BF1A-443D-435D-BDB8-C47C85623B0E}.Release|x64.ActiveCfg = Release|Any CPU
		{13D2BF1A-443D-435D-BDB8-C47C85623B0E}.Release|x64.Build.0 = Release|Any CPU
		{13D2BF1A-443D-435D-BDB8-C47C85623B0E}.Release|x86.ActiveCfg = Release|Any CPU
		{13D2BF1A-443D-435D-BDB8-C47C85623B0E}.Release|x86.Build.0 = Release|Any CPU
		{2E1E7DF1-7670-459B-B89D-0414EBB606ED}.Debug|Any CPU.ActiveCfg = Debug|Any CPU
		{2E1E7DF1-7670-459B-B89D-0414EBB606ED}.Debug|Any CPU.Build.0 = Debug|Any CPU
		{2E1E7DF1-7670-459B-B89D-0414EBB606ED}.Debug|x64.ActiveCfg = Debug|Any CPU
		{2E1E7DF1-7670-459B-B89D-0414EBB606ED}.Debug|x64.Build.0 = Debug|Any CPU
		{2E1E7DF1-7670-459B-B89D-0414EBB606ED}.Debug|x86.ActiveCfg = Debug|Any CPU
		{2E1E7DF1-7670-459B-B89D-0414EBB606ED}.Debug|x86.Build.0 = Debug|Any CPU
		{2E1E7DF1-7670-459B-B89D-0414EBB606ED}.Release|Any CPU.ActiveCfg = Release|Any CPU
		{2E1E7DF1-7670-459B-B89D-0414EBB606ED}.Release|Any CPU.Build.0 = Release|Any CPU
		{2E1E7DF1-7670-459B-B89D-0414EBB606ED}.Release|x64.ActiveCfg = Release|Any CPU
		{2E1E7DF1-7670-459B-B89D-0414EBB606ED}.Release|x64.Build.0 = Release|Any CPU
		{2E1E7DF1-7670-459B-B89D-0414EBB606ED}.Release|x86.ActiveCfg = Release|Any CPU
		{2E1E7DF1-7670-459B-B89D-0414EBB606ED}.Release|x86.Build.0 = Release|Any CPU
	EndGlobalSection
	GlobalSection(SolutionProperties) = preSolution
		HideSolutionNode = FALSE
	EndGlobalSection
	GlobalSection(ExtensibilityGlobals) = postSolution
		SolutionGuid = {0B6748F3-45A1-4D06-9F55-DBF3365D3B75}
	EndGlobalSection
EndGlobal
